{
  "name": "node-red-contrib-ringdoorbell",
  "version": "2.0.0",
  "lockfileVersion": 1,
  "requires": true,
  "dependencies": {
    "axios": {
      "version": "0.17.1",
      "resolved": "https://registry.npmjs.org/axios/-/axios-0.17.1.tgz",
      "integrity": "sha1-LY4+XQvb1zJ/kbyBT1xXZg+Bgk0=",
      "requires": {
        "follow-redirects": "1.5.0",
        "is-buffer": "1.1.6"
      }
    },
    "bignumber.js": {
      "version": "4.1.0",
      "resolved": "https://registry.npmjs.org/bignumber.js/-/bignumber.js-4.1.0.tgz",
      "integrity": "sha512-eJzYkFYy9L4JzXsbymsFn3p54D+llV27oTQ+ziJG7WFRheJcNZilgVXMG0LoZtlQSKBsJdWtLFqOD0u+U0jZKA=="
    },
    "bottlejs": {
      "version": "1.7.1",
      "resolved": "https://registry.npmjs.org/bottlejs/-/bottlejs-1.7.1.tgz",
      "integrity": "sha512-OUex4/uBgIyanzPpMzie5NfMfjJ23Z1mUy8ZC6omFBPwExMeoSrwyndlaZW0tci0unMH2LVfNn+jwDPRQLPncw=="
    },
    "colors": {
      "version": "1.3.0",
      "resolved": "https://registry.npmjs.org/colors/-/colors-1.3.0.tgz",
      "integrity": "sha512-EDpX3a7wHMWFA7PUHWPHNWqOxIIRSJetuwl0AS5Oi/5FMV8kWm69RTlgm00GKjBO1xFHMtBbL49yRtMMdticBw=="
    },
    "content-type": {
      "version": "1.0.4",
      "resolved": "https://registry.npmjs.org/content-type/-/content-type-1.0.4.tgz",
      "integrity": "sha512-hIP3EEPs8tB9AT1L+NUqtwOAps4mk2Zob89MWXMHjHWg9milF/j4osnnQLXBCBFBk/tvIG/tUc9mOUJiPBhPXA=="
    },
    "debug": {
      "version": "3.1.0",
      "resolved": "https://registry.npmjs.org/debug/-/debug-3.1.0.tgz",
      "integrity": "sha512-OX8XqP7/1a9cqkxYw2yXss15f26NKWBpDXQd0/uK/KPqdQhxbPa994hnzjcE2VqQpDslf55723cKPUOGSmMY3g==",
      "requires": {
        "ms": "2.0.0"
      }
    },
    "follow-redirects": {
      "version": "1.5.0",
      "resolved": "https://registry.npmjs.org/follow-redirects/-/follow-redirects-1.5.0.tgz",
      "integrity": "sha512-fdrt472/9qQ6Kgjvb935ig6vJCuofpBUD14f9Vb+SLlm7xIe4Qva5gey8EKtv8lp7ahE1wilg3xL1znpVGtZIA==",
      "requires": {
        "debug": "3.1.0"
      }
    },
    "is-buffer": {
      "version": "1.1.6",
      "resolved": "https://registry.npmjs.org/is-buffer/-/is-buffer-1.1.6.tgz",
      "integrity": "sha512-NcdALwpXkTm5Zvvbk7owOUSvVvBKDgKP5/ewfXEznmQFfs4ZRmanOeKBTjRVjka3QFoN6XJ+9F3USqfHqTaU5w=="
    },
    "json-bigint": {
      "version": "0.2.3",
      "resolved": "https://registry.npmjs.org/json-bigint/-/json-bigint-0.2.3.tgz",
      "integrity": "sha1-EY1/b/HThlnxn5TPc+ZKdaP5iKg=",
      "requires": {
        "bignumber.js": "4.1.0"
      }
    },
    "keychain": {
      "version": "1.3.0",
      "resolved": "https://registry.npmjs.org/keychain/-/keychain-1.3.0.tgz",
      "integrity": "sha1-zLjdxkpi801UGsJeYSGGRCpDJBA="
    },
    "lodash.assign": {
      "version": "4.2.0",
      "resolved": "https://registry.npmjs.org/lodash.assign/-/lodash.assign-4.2.0.tgz",
      "integrity": "sha1-DZnzzNem0mHRm9rrkkUAXShYCOc="
    },
    "lodash.first": {
      "version": "3.0.0",
      "resolved": "https://registry.npmjs.org/lodash.first/-/lodash.first-3.0.0.tgz",
      "integrity": "sha1-Xa4YDX+BjuZfxbIQsQSnu++YoWo="
    },
    "lodash.flatten": {
      "version": "4.4.0",
      "resolved": "https://registry.npmjs.org/lodash.flatten/-/lodash.flatten-4.4.0.tgz",
      "integrity": "sha1-8xwiIlqWMtK7+OSt2+8kCqdlph8="
    },
    "lodash.isobject": {
      "version": "3.0.2",
      "resolved": "https://registry.npmjs.org/lodash.isobject/-/lodash.isobject-3.0.2.tgz",
      "integrity": "sha1-PI+41bW/S/kK4G4U8qUwpO2TXh0="
    },
    "lodash.mapkeys": {
      "version": "4.6.0",
      "resolved": "https://registry.npmjs.org/lodash.mapkeys/-/lodash.mapkeys-4.6.0.tgz",
      "integrity": "sha1-3yz6Ix18V8eorQA6va1dc9PqUZU="
    },
    "ms": {
      "version": "2.0.0",
      "resolved": "https://registry.npmjs.org/ms/-/ms-2.0.0.tgz",
      "integrity": "sha1-VgiurfwAvmwpAd9fmGF4jeDVl8g="
    },
    "options": {
      "version": "0.0.6",
      "resolved": "https://registry.npmjs.org/options/-/options-0.0.6.tgz",
      "integrity": "sha1-7CLTEoBrtT5zF3Pnza788cZDEo8="
    },
    "promiscuous": {
      "version": "0.6.0",
      "resolved": "https://registry.npmjs.org/promiscuous/-/promiscuous-0.6.0.tgz",
      "integrity": "sha1-VAFM09Ysr+gx4zVJkMBf9beMiJI=",
      "optional": true
    },
    "ring-api": {
      "version": "3.0.1",
      "resolved": "https://registry.npmjs.org/ring-api/-/ring-api-3.0.1.tgz",
      "integrity": "sha512-dbDpwfyC2J1y4crL0vUtLHa/xWTfdQZMUFsxNBN3M/yJosdmipZpMgwipJ3apCEdDyTsJnop+oeuhItZaDqirg==",
      "requires": {
        "axios": "0.17.1",
        "bottlejs": "1.7.1",
        "colors": "1.3.0",
        "content-type": "1.0.4",
        "debug": "3.1.0",
        "json-bigint": "0.2.3",
        "keychain": "1.3.0",
        "lodash.assign": "4.2.0",
        "lodash.first": "3.0.0",
        "lodash.flatten": "4.4.0",
        "lodash.isobject": "3.0.2",
        "lodash.mapkeys": "4.6.0",
        "sip.js": "0.9.2",
        "time-constants": "1.0.2",
        "timeout-as-promise": "1.0.0"
      }
    },
    "sip.js": {
      "version": "0.9.2",
      "resolved": "https://registry.npmjs.org/sip.js/-/sip.js-0.9.2.tgz",
      "integrity": "sha512-7eWdd0rsostnGZ2u3nFNXHyKHKtkgsh8xViQn4GccKk0sGfuXHBh6trYJFNbmxcKQoD0k3lNGawbmQRwCN3pXQ==",
      "requires": {
        "promiscuous": "0.6.0",
        "ws": "1.1.5"
      }
    },
    "time-constants": {
      "version": "1.0.2",
      "resolved": "https://registry.npmjs.org/time-constants/-/time-constants-1.0.2.tgz",
      "integrity": "sha1-7CZnsFQIFMWrXoIpfLDzvAaRR2Q="
    },
    "timeout-as-promise": {
      "version": "1.0.0",
      "resolved": "https://registry.npmjs.org/timeout-as-promise/-/timeout-as-promise-1.0.0.tgz",
      "integrity": "sha1-c2foEfyZKs/Nzaq/LlDfr4shV28="
    },
    "ultron": {
      "version": "1.0.2",
      "resolved": "https://registry.npmjs.org/ultron/-/ultron-1.0.2.tgz",
      "integrity": "sha1-rOEWq1V80Zc4ak6I9GhTeMiy5Po="
    },
    "ws": {
      "version": "1.1.5",
      "resolved": "https://registry.npmjs.org/ws/-/ws-1.1.5.tgz",
      "integrity": "sha512-o3KqipXNUdS7wpQzBHSe180lBGO60SoK0yVo3CYJgb2MkobuWuBX6dhkYP5ORCLd55y+SaflMOV5fqAB53ux4w==",
      "requires": {
        "options": "0.0.6",
        "ultron": "1.0.2"
      }
    }
  }
}
